
Microsoft Visual Studio Solution File, Format Version 12.00
# Visual Studio Version 16
VisualStudioVersion = 16.0.29020.237
MinimumVisualStudioVersion = 10.0.40219.1
Project("{FAE04EC0-301F-11D3-BF4B-00C04F79EFBC}") = "OrganizationApp", "OrganizationApp\OrganizationApp.csproj", "{B447E450-4621-446C-A965-2937B3C4D56D}"
EndProject
Global
	GlobalSection(SolutionConfigurationPlatforms) = preSolution
		Debug|Any CPU = Debug|Any CPU
		Release|Any CPU = Release|Any CPU
	EndGlobalSection
	GlobalSection(ProjectConfigurationPlatforms) = postSolution
		{B447E450-4621-446C-A965-2937B3C4D56D}.Debug|Any CPU.ActiveCfg = Debug|Any CPU
		{B447E450-4621-446C-A965-2937B3C4D56D}.Debug|Any CPU.Build.0 = Debug|Any CPU
		{B447E450-4621-446C-A965-2937B3C4D56D}.Release|Any CPU.ActiveCfg = Release|Any CPU
		{B447E450-4621-446C-A965-2937B3C4D56D}.Release|Any CPU.Build.0 = Release|Any CPU
	EndGlobalSection
	GlobalSection(SolutionProperties) = preSolution
		HideSolutionNode = FALSE
	EndGlobalSection
	GlobalSection(ExtensibilityGlobals) = postSolution
		SolutionGuid = {48E7158F-AB59-4CA3-845C-0F149F736BD2}
	EndGlobalSection
EndGlobal
